// !$*UTF8*$!
{
	archiveVersion = 1;
	classes = {
	};
	objectVersion = 46;
	objects = {

/* Begin PBXBuildFile section */
		016B110EABC9C4D62F239CB1 /* AppDelegate.swift in Sources */ = {isa = PBXBuildFile; fileRef = EB87872F2D85F578590D9AEF /* AppDelegate.swift */; };
		12D77E172D16410AF8DB80CD /* OverlayController.swift in Sources */ = {isa = PBXBuildFile; fileRef = 444BBDF32A75A851E431536E /* OverlayController.swift */; };
		19656AD6329CA0294D02DF64 /* TextPostProcessor.swift in Sources */ = {isa = PBXBuildFile; fileRef = 699704EBB6A66628F713FB9D /* TextPostProcessor.swift */; };
		35011D3759468A7D7028AFD2 /* HotkeyCapture.swift in Sources */ = {isa = PBXBuildFile; fileRef = 908F9D6200B196B90FAD4240 /* HotkeyCapture.swift */; };
		3BC30E15B2FED0001834D074 /* SoundPlayer.swift in Sources */ = {isa = PBXBuildFile; fileRef = 8E4B716FED4FADF1E483F365 /* SoundPlayer.swift */; };
		4F81736B6ED5AF39F7BCFAFB /* DictationController.swift in Sources */ = {isa = PBXBuildFile; fileRef = 2833F914E90C17F081EAE7A5 /* DictationController.swift */; };
		5C3316BB6E1AEF35C60775DA /* InsertionMode.swift in Sources */ = {isa = PBXBuildFile; fileRef = 939110639B3D40FBCCE95EAF /* InsertionMode.swift */; };
		62EEB4EC2E432D41B684DBA7 /* MediaRemoteController.swift in Sources */ = {isa = PBXBuildFile; fileRef = 2B25AA0E3127918933969A61 /* MediaRemoteController.swift */; };
		68B2AD85FC1304D23ADF311B /* Log.swift in Sources */ = {isa = PBXBuildFile; fileRef = 435A729E3AD3BE3BB4BBF29D /* Log.swift */; };
		6A20422C0F8D31E99D8A2642 /* OverlayView.swift in Sources */ = {isa = PBXBuildFile; fileRef = 8156C517352DC1C33DF9A8E9 /* OverlayView.swift */; };
		7E662C4EE7811DE2CBB503B2 /* Cocoa.framework in Frameworks */ = {isa = PBXBuildFile; fileRef = 21A66CD34C1516ADDEA54336 /* Cocoa.framework */; };
		86D42C47D041EFDBC52B4E07 /* TextInserter.swift in Sources */ = {isa = PBXBuildFile; fileRef = 62A5298DA8885DE2B7E77F73 /* TextInserter.swift */; };
		8CBD787720E0CDD5C6EB5231 /* MenuView.swift in Sources */ = {isa = PBXBuildFile; fileRef = 46740F3A104B36652719FC0C /* MenuView.swift */; };
		94303FD93D0F77EC21B10545 /* WisprLocalApp.swift in Sources */ = {isa = PBXBuildFile; fileRef = EBF77253B236A507C022E011 /* WisprLocalApp.swift */; };
		B2475C8948CC7B416A5C66AE /* Keychain.swift in Sources */ = {isa = PBXBuildFile; fileRef = 0FDB31DEC68F83B370A1A51E /* Keychain.swift */; };
		B281EC8DDFE1E0138165EE7D /* SettingsView.swift in Sources */ = {isa = PBXBuildFile; fileRef = EAEE06CDB0CE753519322EC1 /* SettingsView.swift */; };
		D06D275BF5FE576D81D98D64 /* SettingsStore.swift in Sources */ = {isa = PBXBuildFile; fileRef = BAD6FCAE1342980A00AD80EB /* SettingsStore.swift */; };
		D20AA826B89A70E86FA67BC7 /* HotKeyManager.swift in Sources */ = {isa = PBXBuildFile; fileRef = 6407DB39DD0A9E15EB6A7E53 /* HotKeyManager.swift */; };
		D91E82E418DA8D3834C63D85 /* DictationMetrics.swift in Sources */ = {isa = PBXBuildFile; fileRef = 35335F8ABA1BAF0EE418F2F6 /* DictationMetrics.swift */; };
		DA91D27170E506D336EB2709 /* AudioRecorder.swift in Sources */ = {isa = PBXBuildFile; fileRef = 16BD4D5C8E977C9FA564590F /* AudioRecorder.swift */; };
		E31756492007AD6E072E7007 /* TranscriptionClient.swift in Sources */ = {isa = PBXBuildFile; fileRef = C62D7EEE8E36716AE2BF4441 /* TranscriptionClient.swift */; };
		F07DE18DC7DA2A365FB42029 /* Permissions.swift in Sources */ = {isa = PBXBuildFile; fileRef = 1D2DAAD4A5AF3859EA7A2128 /* Permissions.swift */; };
		F7FD2EB9605917A2A6EE111C /* AppModel.swift in Sources */ = {isa = PBXBuildFile; fileRef = A5F2A200BCA08A4170701897 /* AppModel.swift */; };
		FA2E90475E5D467E340D6A48 /* HotkeyDisplay.swift in Sources */ = {isa = PBXBuildFile; fileRef = C1AE4CE8980011DCD2FAD9C1 /* HotkeyDisplay.swift */; };
		FAC793BCD31151B12C7FE78A /* SettingsWindowController.swift in Sources */ = {isa = PBXBuildFile; fileRef = A6CDC05A86B94A6CED972DFF /* SettingsWindowController.swift */; };
		FED4F18F8C6652B40B3BA84F /* Assets.xcassets in Resources */ = {isa = PBXBuildFile; fileRef = B3895D3A87E8D0526540A982 /* Assets.xcassets */; };
/* End PBXBuildFile section */

/* Begin PBXFileReference section */
		0FDB31DEC68F83B370A1A51E /* Keychain.swift */ = {isa = PBXFileReference; includeInIndex = 1; lastKnownFileType = sourcecode.swift; path = Keychain.swift; sourceTree = "<group>"; };
		16BD4D5C8E977C9FA564590F /* AudioRecorder.swift */ = {isa = PBXFileReference; includeInIndex = 1; lastKnownFileType = sourcecode.swift; path = AudioRecorder.swift; sourceTree = "<group>"; };
		1D2DAAD4A5AF3859EA7A2128 /* Permissions.swift */ = {isa = PBXFileReference; includeInIndex = 1; lastKnownFileType = sourcecode.swift; path = Permissions.swift; sourceTree = "<group>"; };
		21A66CD34C1516ADDEA54336 /* Cocoa.framework */ = {isa = PBXFileReference; lastKnownFileType = wrapper.framework; name = Cocoa.framework; path = Platforms/MacOSX.platform/Developer/SDKs/MacOSX15.0.sdk/System/Library/Frameworks/Cocoa.framework; sourceTree = DEVELOPER_DIR; };
		2833F914E90C17F081EAE7A5 /* DictationController.swift */ = {isa = PBXFileReference; includeInIndex = 1; lastKnownFileType = sourcecode.swift; path = DictationController.swift; sourceTree = "<group>"; };
		2B25AA0E3127918933969A61 /* MediaRemoteController.swift */ = {isa = PBXFileReference; includeInIndex = 1; lastKnownFileType = sourcecode.swift; path = MediaRemoteController.swift; sourceTree = "<group>"; };
		35335F8ABA1BAF0EE418F2F6 /* DictationMetrics.swift */ = {isa = PBXFileReference; includeInIndex = 1; lastKnownFileType = sourcecode.swift; path = DictationMetrics.swift; sourceTree = "<group>"; };
		435A729E3AD3BE3BB4BBF29D /* Log.swift */ = {isa = PBXFileReference; includeInIndex = 1; lastKnownFileType = sourcecode.swift; path = Log.swift; sourceTree = "<group>"; };
		444BBDF32A75A851E431536E /* OverlayController.swift */ = {isa = PBXFileReference; includeInIndex = 1; lastKnownFileType = sourcecode.swift; path = OverlayController.swift; sourceTree = "<group>"; };
		46740F3A104B36652719FC0C /* MenuView.swift */ = {isa = PBXFileReference; includeInIndex = 1; lastKnownFileType = sourcecode.swift; path = MenuView.swift; sourceTree = "<group>"; };
		62A5298DA8885DE2B7E77F73 /* TextInserter.swift */ = {isa = PBXFileReference; includeInIndex = 1; lastKnownFileType = sourcecode.swift; path = TextInserter.swift; sourceTree = "<group>"; };
		6407DB39DD0A9E15EB6A7E53 /* HotKeyManager.swift */ = {isa = PBXFileReference; includeInIndex = 1; lastKnownFileType = sourcecode.swift; path = HotKeyManager.swift; sourceTree = "<group>"; };
		699704EBB6A66628F713FB9D /* TextPostProcessor.swift */ = {isa = PBXFileReference; includeInIndex = 1; lastKnownFileType = sourcecode.swift; path = TextPostProcessor.swift; sourceTree = "<group>"; };
		8156C517352DC1C33DF9A8E9 /* OverlayView.swift */ = {isa = PBXFileReference; includeInIndex = 1; lastKnownFileType = sourcecode.swift; path = OverlayView.swift; sourceTree = "<group>"; };
		8E4B716FED4FADF1E483F365 /* SoundPlayer.swift */ = {isa = PBXFileReference; includeInIndex = 1; lastKnownFileType = sourcecode.swift; path = SoundPlayer.swift; sourceTree = "<group>"; };
		908F9D6200B196B90FAD4240 /* HotkeyCapture.swift */ = {isa = PBXFileReference; includeInIndex = 1; lastKnownFileType = sourcecode.swift; path = HotkeyCapture.swift; sourceTree = "<group>"; };
		939110639B3D40FBCCE95EAF /* InsertionMode.swift */ = {isa = PBXFileReference; includeInIndex = 1; lastKnownFileType = sourcecode.swift; path = InsertionMode.swift; sourceTree = "<group>"; };
		A5F2A200BCA08A4170701897 /* AppModel.swift */ = {isa = PBXFileReference; includeInIndex = 1; lastKnownFileType = sourcecode.swift; path = AppModel.swift; sourceTree = "<group>"; };
		A6CDC05A86B94A6CED972DFF /* SettingsWindowController.swift */ = {isa = PBXFileReference; includeInIndex = 1; lastKnownFileType = sourcecode.swift; path = SettingsWindowController.swift; sourceTree = "<group>"; };
		B118D66A29F33E60B176F624 /* WisprLocal.app */ = {isa = PBXFileReference; explicitFileType = wrapper.application; includeInIndex = 0; path = WisprLocal.app; sourceTree = BUILT_PRODUCTS_DIR; };
		B3895D3A87E8D0526540A982 /* Assets.xcassets */ = {isa = PBXFileReference; includeInIndex = 1; lastKnownFileType = folder.assetcatalog; path = Assets.xcassets; sourceTree = "<group>"; };
		BAD6FCAE1342980A00AD80EB /* SettingsStore.swift */ = {isa = PBXFileReference; includeInIndex = 1; lastKnownFileType = sourcecode.swift; path = SettingsStore.swift; sourceTree = "<group>"; };
		C1AE4CE8980011DCD2FAD9C1 /* HotkeyDisplay.swift */ = {isa = PBXFileReference; includeInIndex = 1; lastKnownFileType = sourcecode.swift; path = HotkeyDisplay.swift; sourceTree = "<group>"; };
		C62D7EEE8E36716AE2BF4441 /* TranscriptionClient.swift */ = {isa = PBXFileReference; includeInIndex = 1; lastKnownFileType = sourcecode.swift; path = TranscriptionClient.swift; sourceTree = "<group>"; };
		D4737C30AF5B730C5E97915E /* Info.plist */ = {isa = PBXFileReference; includeInIndex = 1; lastKnownFileType = text.plist.xml; path = Info.plist; sourceTree = "<group>"; };
		EAEE06CDB0CE753519322EC1 /* SettingsView.swift */ = {isa = PBXFileReference; includeInIndex = 1; lastKnownFileType = sourcecode.swift; path = SettingsView.swift; sourceTree = "<group>"; };
		EB87872F2D85F578590D9AEF /* AppDelegate.swift */ = {isa = PBXFileReference; includeInIndex = 1; lastKnownFileType = sourcecode.swift; path = AppDelegate.swift; sourceTree = "<group>"; };
		EBF77253B236A507C022E011 /* WisprLocalApp.swift */ = {isa = PBXFileReference; includeInIndex = 1; lastKnownFileType = sourcecode.swift; path = WisprLocalApp.swift; sourceTree = "<group>"; };
/* End PBXFileReference section */

/* Begin PBXFrameworksBuildPhase section */
		FD80DEAB8D762B47772F1E7D /* Frameworks */ = {
			isa = PBXFrameworksBuildPhase;
			buildActionMask = 2147483647;
			files = (
				7E662C4EE7811DE2CBB503B2 /* Cocoa.framework in Frameworks */,
			);
			runOnlyForDeploymentPostprocessing = 0;
		};
/* End PBXFrameworksBuildPhase section */

/* Begin PBXGroup section */
		3F154E18FD2EEBCE0B1770AC /* WisprLocal */ = {
			isa = PBXGroup;
			children = (
				EB87872F2D85F578590D9AEF /* AppDelegate.swift */,
				A5F2A200BCA08A4170701897 /* AppModel.swift */,
				16BD4D5C8E977C9FA564590F /* AudioRecorder.swift */,
				2833F914E90C17F081EAE7A5 /* DictationController.swift */,
				35335F8ABA1BAF0EE418F2F6 /* DictationMetrics.swift */,
				6407DB39DD0A9E15EB6A7E53 /* HotKeyManager.swift */,
				908F9D6200B196B90FAD4240 /* HotkeyCapture.swift */,
				C1AE4CE8980011DCD2FAD9C1 /* HotkeyDisplay.swift */,
				D4737C30AF5B730C5E97915E /* Info.plist */,
				939110639B3D40FBCCE95EAF /* InsertionMode.swift */,
				0FDB31DEC68F83B370A1A51E /* Keychain.swift */,
				435A729E3AD3BE3BB4BBF29D /* Log.swift */,
				2B25AA0E3127918933969A61 /* MediaRemoteController.swift */,
				46740F3A104B36652719FC0C /* MenuView.swift */,
				444BBDF32A75A851E431536E /* OverlayController.swift */,
				8156C517352DC1C33DF9A8E9 /* OverlayView.swift */,
				1D2DAAD4A5AF3859EA7A2128 /* Permissions.swift */,
				BAD6FCAE1342980A00AD80EB /* SettingsStore.swift */,
				EAEE06CDB0CE753519322EC1 /* SettingsView.swift */,
				A6CDC05A86B94A6CED972DFF /* SettingsWindowController.swift */,
				8E4B716FED4FADF1E483F365 /* SoundPlayer.swift */,
				62A5298DA8885DE2B7E77F73 /* TextInserter.swift */,
				699704EBB6A66628F713FB9D /* TextPostProcessor.swift */,
				C62D7EEE8E36716AE2BF4441 /* TranscriptionClient.swift */,
				EBF77253B236A507C022E011 /* WisprLocalApp.swift */,
				B3895D3A87E8D0526540A982 /* Assets.xcassets */,
			);
			name = WisprLocal;
			path = WisprLocal;
			sourceTree = "<group>";
		};
		85525F74642317ED7A013904 /* Products */ = {
			isa = PBXGroup;
			children = (
				B118D66A29F33E60B176F624 /* WisprLocal.app */,
			);
			name = Products;
			sourceTree = "<group>";
		};
		D6C8E6B913EF98FE90463D76 /* OS X */ = {
			isa = PBXGroup;
			children = (
				21A66CD34C1516ADDEA54336 /* Cocoa.framework */,
			);
			name = "OS X";
			sourceTree = "<group>";
		};
		DBFC4E14867307ADA344D46E = {
			isa = PBXGroup;
			children = (
				85525F74642317ED7A013904 /* Products */,
				E4A61BCB015FB8E4C846D41A /* Frameworks */,
				3F154E18FD2EEBCE0B1770AC /* WisprLocal */,
			);
			sourceTree = "<group>";
		};
		E4A61BCB015FB8E4C846D41A /* Frameworks */ = {
			isa = PBXGroup;
			children = (
				D6C8E6B913EF98FE90463D76 /* OS X */,
			);
			name = Frameworks;
			sourceTree = "<group>";
		};
/* End PBXGroup section */

/* Begin PBXNativeTarget section */
		952680E70855CAB2AAD28359 /* WisprLocal */ = {
			isa = PBXNativeTarget;
			buildConfigurationList = BB6B35A703002557B121D630 /* Build configuration list for PBXNativeTarget "WisprLocal" */;
			buildPhases = (
				14A8ABF2228641E64A2C7A44 /* Sources */,
				FD80DEAB8D762B47772F1E7D /* Frameworks */,
				D38F5D1832B38F826221A2DB /* Resources */,
				8F51307FDDA2CD780D321A9A /* Bundle Whisper Runtime */,
			);
			buildRules = (
			);
			dependencies = (
			);
			name = WisprLocal;
			productName = WisprLocal;
			productReference = B118D66A29F33E60B176F624 /* WisprLocal.app */;
			productType = "com.apple.product-type.application";
		};
/* End PBXNativeTarget section */

/* Begin PBXProject section */
		D29427C9B90C4FDE06678A84 /* Project object */ = {
			isa = PBXProject;
			attributes = {
				LastSwiftUpdateCheck = 1600;
				LastUpgradeCheck = 1600;
			};
			buildConfigurationList = C4C1B71EC20F77512426D9E3 /* Build configuration list for PBXProject "WisprLocal" */;
			compatibilityVersion = "Xcode 3.2";
			developmentRegion = en;
			hasScannedForEncodings = 0;
			knownRegions = (
				en,
				Base,
			);
			mainGroup = DBFC4E14867307ADA344D46E;
			minimizedProjectReferenceProxies = 0;
			preferredProjectObjectVersion = 77;
			productRefGroup = 85525F74642317ED7A013904 /* Products */;
			projectDirPath = "";
			projectRoot = "";
			targets = (
				952680E70855CAB2AAD28359 /* WisprLocal */,
			);
		};
/* End PBXProject section */

/* Begin PBXResourcesBuildPhase section */
		D38F5D1832B38F826221A2DB /* Resources */ = {
			isa = PBXResourcesBuildPhase;
			buildActionMask = 2147483647;
			files = (
				FED4F18F8C6652B40B3BA84F /* Assets.xcassets in Resources */,
			);
			runOnlyForDeploymentPostprocessing = 0;
		};
/* End PBXResourcesBuildPhase section */

/* Begin PBXShellScriptBuildPhase section */
		8F51307FDDA2CD780D321A9A /* Bundle Whisper Runtime */ = {
			isa = PBXShellScriptBuildPhase;
			buildActionMask = 2147483647;
			files = (
			);
			inputFileListPaths = (
			);
			inputPaths = (
			);
			name = "Bundle Whisper Runtime";
			outputFileListPaths = (
			);
			outputPaths = (
			);
			runOnlyForDeploymentPostprocessing = 0;
			shellPath = /bin/sh;
			shellScript = "set -euo pipefail\n\nRES_DIR=\"${TARGET_BUILD_DIR}/${UNLOCALIZED_RESOURCES_FOLDER_PATH}\"\nBUNDLE_CONTENTS_DIR=\"${TARGET_BUILD_DIR}/${CONTENTS_FOLDER_PATH}\"\nLIB_DIR=\"${BUNDLE_CONTENTS_DIR}/lib\"\nmkdir -p \"${RES_DIR}\"\n\nfind_whisper() {\n  for p in \\\n    \"${WISPR_WHISPER_CLI_PATH:-}\" \\\n    \"${PROJECT_DIR}/whisper-cli\" \\\n    \"/opt/homebrew/bin/whisper-cli\" \\\n    \"/usr/local/bin/whisper-cli\" \\\n    \"/opt/homebrew/bin/main\" \\\n    \"/usr/local/bin/main\"\n  do\n    if [ -n \"${p}\" ] && [ -x \"${p}\" ]; then\n      echo \"${p}\"\n      return 0\n    fi\n  done\n  return 1\n}\n\nif WHISPER_SRC=\"$(find_whisper)\"; then\n  cp -f \"${WHISPER_SRC}\" \"${RES_DIR}/whisper-cli\"\n  chmod 755 \"${RES_DIR}/whisper-cli\"\n  echo \"Bundled whisper-cli from ${WHISPER_SRC}\"\n\n  resolve_dep() {\n    local dep=\"$1\"\n    local base\n    base=\"$(basename \"${dep}\")\"\n    for d in \\\n      \"${WISPR_WHISPER_LIB_DIR:-}\" \\\n      \"$(dirname \"${WHISPER_SRC}\")/../lib\" \\\n      \"$(dirname \"${WHISPER_SRC}\")/../libexec/lib\" \\\n      \"/opt/homebrew/opt/whisper-cpp/lib\" \\\n      \"/opt/homebrew/opt/whisper-cpp/libexec/lib\" \\\n      \"/usr/local/opt/whisper-cpp/lib\" \\\n      \"/usr/local/opt/whisper-cpp/libexec/lib\"\n    do\n      if [ -n \"${d}\" ] && [ -e \"${d}/${base}\" ]; then\n        echo \"${d}/${base}\"\n        return 0\n      fi\n    done\n    return 1\n  }\n\n  mkdir -p \"${LIB_DIR}\"\n  deps_file=\"$(mktemp)\"\n  otool -L \"${WHISPER_SRC}\" | awk 'NR>1 {print $1}' | grep '^@rpath/' > \"${deps_file}\" || true\n  while IFS= read -r dep; do\n    [ -n \"${dep}\" ] || continue\n    if SRC_DEP=\"$(resolve_dep \"${dep}\")\"; then\n      cp -fL \"${SRC_DEP}\" \"${LIB_DIR}/$(basename \"${dep}\")\"\n      echo \"Bundled whisper lib $(basename \"${dep}\") from ${SRC_DEP}\"\n    else\n      echo \"warning: could not resolve whisper dependency ${dep}\"\n    fi\n  done < \"${deps_file}\"\n  rm -f \"${deps_file}\"\nelse\n  echo \"warning: whisper-cli not found at build time (set WISPR_WHISPER_CLI_PATH to force a custom path).\"\nfi\n\nif [ -n \"${WISPR_BUNDLED_MODEL_PATH:-}\" ]; then\n  if [ -f \"${WISPR_BUNDLED_MODEL_PATH}\" ]; then\n    mkdir -p \"${RES_DIR}/Models\"\n    cp -f \"${WISPR_BUNDLED_MODEL_PATH}\" \"${RES_DIR}/Models/$(basename \"${WISPR_BUNDLED_MODEL_PATH}\")\"\n    echo \"Bundled model from ${WISPR_BUNDLED_MODEL_PATH}\"\n  else\n    echo \"warning: WISPR_BUNDLED_MODEL_PATH points to a missing file: ${WISPR_BUNDLED_MODEL_PATH}\"\n  fi\nfi\n";
		};
/* End PBXShellScriptBuildPhase section */

/* Begin PBXSourcesBuildPhase section */
		14A8ABF2228641E64A2C7A44 /* Sources */ = {
			isa = PBXSourcesBuildPhase;
			buildActionMask = 2147483647;
			files = (
				016B110EABC9C4D62F239CB1 /* AppDelegate.swift in Sources */,
				F7FD2EB9605917A2A6EE111C /* AppModel.swift in Sources */,
				DA91D27170E506D336EB2709 /* AudioRecorder.swift in Sources */,
				4F81736B6ED5AF39F7BCFAFB /* DictationController.swift in Sources */,
				D91E82E418DA8D3834C63D85 /* DictationMetrics.swift in Sources */,
				D20AA826B89A70E86FA67BC7 /* HotKeyManager.swift in Sources */,
				35011D3759468A7D7028AFD2 /* HotkeyCapture.swift in Sources */,
				FA2E90475E5D467E340D6A48 /* HotkeyDisplay.swift in Sources */,
				5C3316BB6E1AEF35C60775DA /* InsertionMode.swift in Sources */,
				B2475C8948CC7B416A5C66AE /* Keychain.swift in Sources */,
				68B2AD85FC1304D23ADF311B /* Log.swift in Sources */,
				62EEB4EC2E432D41B684DBA7 /* MediaRemoteController.swift in Sources */,
				8CBD787720E0CDD5C6EB5231 /* MenuView.swift in Sources */,
				12D77E172D16410AF8DB80CD /* OverlayController.swift in Sources */,
				6A20422C0F8D31E99D8A2642 /* OverlayView.swift in Sources */,
				F07DE18DC7DA2A365FB42029 /* Permissions.swift in Sources */,
				D06D275BF5FE576D81D98D64 /* SettingsStore.swift in Sources */,
				B281EC8DDFE1E0138165EE7D /* SettingsView.swift in Sources */,
				FAC793BCD31151B12C7FE78A /* SettingsWindowController.swift in Sources */,
				3BC30E15B2FED0001834D074 /* SoundPlayer.swift in Sources */,
				86D42C47D041EFDBC52B4E07 /* TextInserter.swift in Sources */,
				19656AD6329CA0294D02DF64 /* TextPostProcessor.swift in Sources */,
				E31756492007AD6E072E7007 /* TranscriptionClient.swift in Sources */,
				94303FD93D0F77EC21B10545 /* WisprLocalApp.swift in Sources */,
			);
			runOnlyForDeploymentPostprocessing = 0;
		};
/* End PBXSourcesBuildPhase section */

/* Begin XCBuildConfiguration section */
		0C34EB2591E4085D6E9311AF /* Debug */ = {
			isa = XCBuildConfiguration;
			buildSettings = {
				ALWAYS_SEARCH_USER_PATHS = NO;
				CLANG_ANALYZER_NONNULL = YES;
				CLANG_ANALYZER_NUMBER_OBJECT_CONVERSION = YES_AGGRESSIVE;
				CLANG_CXX_LANGUAGE_STANDARD = "gnu++14";
				CLANG_CXX_LIBRARY = "libc++";
				CLANG_ENABLE_MODULES = YES;
				CLANG_ENABLE_OBJC_ARC = YES;
				CLANG_ENABLE_OBJC_WEAK = YES;
				CLANG_WARN_BLOCK_CAPTURE_AUTORELEASING = YES;
				CLANG_WARN_BOOL_CONVERSION = YES;
				CLANG_WARN_COMMA = YES;
				CLANG_WARN_CONSTANT_CONVERSION = YES;
				CLANG_WARN_DEPRECATED_OBJC_IMPLEMENTATIONS = YES;
				CLANG_WARN_DIRECT_OBJC_ISA_USAGE = YES_ERROR;
				CLANG_WARN_DOCUMENTATION_COMMENTS = YES;
				CLANG_WARN_EMPTY_BODY = YES;
				CLANG_WARN_ENUM_CONVERSION = YES;
				CLANG_WARN_INFINITE_RECURSION = YES;
				CLANG_WARN_INT_CONVERSION = YES;
				CLANG_WARN_NON_LITERAL_NULL_CONVERSION = YES;
				CLANG_WARN_OBJC_IMPLICIT_RETAIN_SELF = YES;
				CLANG_WARN_OBJC_LITERAL_CONVERSION = YES;
				CLANG_WARN_OBJC_ROOT_CLASS = YES_ERROR;
				CLANG_WARN_QUOTED_INCLUDE_IN_FRAMEWORK_HEADER = YES;
				CLANG_WARN_RANGE_LOOP_ANALYSIS = YES;
				CLANG_WARN_STRICT_PROTOTYPES = YES;
				CLANG_WARN_SUSPICIOUS_MOVE = YES;
				CLANG_WARN_UNGUARDED_AVAILABILITY = YES_AGGRESSIVE;
				CLANG_WARN_UNREACHABLE_CODE = YES;
				CLANG_WARN__DUPLICATE_METHOD_MATCH = YES;
				COPY_PHASE_STRIP = NO;
				DEBUG_INFORMATION_FORMAT = dwarf;
				ENABLE_STRICT_OBJC_MSGSEND = YES;
				ENABLE_TESTABILITY = YES;
				GCC_C_LANGUAGE_STANDARD = gnu11;
				GCC_DYNAMIC_NO_PIC = NO;
				GCC_NO_COMMON_BLOCKS = YES;
				GCC_OPTIMIZATION_LEVEL = 0;
				GCC_PREPROCESSOR_DEFINITIONS = (
					"DEBUG=1",
					"$(inherited)",
				);
				GCC_WARN_64_TO_32_BIT_CONVERSION = YES;
				GCC_WARN_ABOUT_RETURN_TYPE = YES_ERROR;
				GCC_WARN_UNDECLARED_SELECTOR = YES;
				GCC_WARN_UNINITIALIZED_AUTOS = YES_AGGRESSIVE;
				GCC_WARN_UNUSED_FUNCTION = YES;
				GCC_WARN_UNUSED_VARIABLE = YES;
				MTL_ENABLE_DEBUG_INFO = INCLUDE_SOURCE;
				MTL_FAST_MATH = YES;
				ONLY_ACTIVE_ARCH = YES;
				PRODUCT_NAME = "$(TARGET_NAME)";
				SWIFT_ACTIVE_COMPILATION_CONDITIONS = DEBUG;
				SWIFT_OPTIMIZATION_LEVEL = "-Onone";
				SWIFT_VERSION = 5.0;
			};
			name = Debug;
		};
		7F8F5960B9949F640DD34BD9 /* Debug */ = {
			isa = XCBuildConfiguration;
			buildSettings = {
				ASSETCATALOG_COMPILER_APPICON_NAME = AppIcon;
				ASSETCATALOG_COMPILER_GLOBAL_ACCENT_COLOR_NAME = AccentColor;
				CODE_SIGN_STYLE = Automatic;
				COMBINE_HIDPI_IMAGES = YES;
				DEVELOPMENT_TEAM = "";
				INFOPLIST_FILE = WisprLocal/Info.plist;
				LD_RUNPATH_SEARCH_PATHS = "$(inherited) @executable_path/../Frameworks";
				MACOSX_DEPLOYMENT_TARGET = 13.0;
				PRODUCT_BUNDLE_IDENTIFIER = com.jojo.wisprlocal;
				SDKROOT = macosx;
				SWIFT_VERSION = 6.0;
			};
			name = Debug;
		};
		B6A11D91782B0C1B64FDAAA1 /* Release */ = {
			isa = XCBuildConfiguration;
			buildSettings = {
				ALWAYS_SEARCH_USER_PATHS = NO;
				CLANG_ANALYZER_NONNULL = YES;
				CLANG_ANALYZER_NUMBER_OBJECT_CONVERSION = YES_AGGRESSIVE;
				CLANG_CXX_LANGUAGE_STANDARD = "gnu++14";
				CLANG_CXX_LIBRARY = "libc++";
				CLANG_ENABLE_MODULES = YES;
				CLANG_ENABLE_OBJC_ARC = YES;
				CLANG_ENABLE_OBJC_WEAK = YES;
				CLANG_WARN_BLOCK_CAPTURE_AUTORELEASING = YES;
				CLANG_WARN_BOOL_CONVERSION = YES;
				CLANG_WARN_COMMA = YES;
				CLANG_WARN_CONSTANT_CONVERSION = YES;
				CLANG_WARN_DEPRECATED_OBJC_IMPLEMENTATIONS = YES;
				CLANG_WARN_DIRECT_OBJC_ISA_USAGE = YES_ERROR;
				CLANG_WARN_DOCUMENTATION_COMMENTS = YES;
				CLANG_WARN_EMPTY_BODY = YES;
				CLANG_WARN_ENUM_CONVERSION = YES;
				CLANG_WARN_INFINITE_RECURSION = YES;
				CLANG_WARN_INT_CONVERSION = YES;
				CLANG_WARN_NON_LITERAL_NULL_CONVERSION = YES;
				CLANG_WARN_OBJC_IMPLICIT_RETAIN_SELF = YES;
				CLANG_WARN_OBJC_LITERAL_CONVERSION = YES;
				CLANG_WARN_OBJC_ROOT_CLASS = YES_ERROR;
				CLANG_WARN_QUOTED_INCLUDE_IN_FRAMEWORK_HEADER = YES;
				CLANG_WARN_RANGE_LOOP_ANALYSIS = YES;
				CLANG_WARN_STRICT_PROTOTYPES = YES;
				CLANG_WARN_SUSPICIOUS_MOVE = YES;
				CLANG_WARN_UNGUARDED_AVAILABILITY = YES_AGGRESSIVE;
				CLANG_WARN_UNREACHABLE_CODE = YES;
				CLANG_WARN__DUPLICATE_METHOD_MATCH = YES;
				COPY_PHASE_STRIP = NO;
				DEBUG_INFORMATION_FORMAT = "dwarf-with-dsym";
				ENABLE_NS_ASSERTIONS = NO;
				ENABLE_STRICT_OBJC_MSGSEND = YES;
				GCC_C_LANGUAGE_STANDARD = gnu11;
				GCC_NO_COMMON_BLOCKS = YES;
				GCC_WARN_64_TO_32_BIT_CONVERSION = YES;
				GCC_WARN_ABOUT_RETURN_TYPE = YES_ERROR;
				GCC_WARN_UNDECLARED_SELECTOR = YES;
				GCC_WARN_UNINITIALIZED_AUTOS = YES_AGGRESSIVE;
				GCC_WARN_UNUSED_FUNCTION = YES;
				GCC_WARN_UNUSED_VARIABLE = YES;
				MTL_ENABLE_DEBUG_INFO = NO;
				MTL_FAST_MATH = YES;
				PRODUCT_NAME = "$(TARGET_NAME)";
				SWIFT_COMPILATION_MODE = wholemodule;
				SWIFT_OPTIMIZATION_LEVEL = "-O";
				SWIFT_VERSION = 5.0;
			};
			name = Release;
		};
		B6B8B747C1EB7D4E1DA31A28 /* Release */ = {
			isa = XCBuildConfiguration;
			buildSettings = {
				ASSETCATALOG_COMPILER_APPICON_NAME = AppIcon;
				ASSETCATALOG_COMPILER_GLOBAL_ACCENT_COLOR_NAME = AccentColor;
				CODE_SIGN_STYLE = Automatic;
				COMBINE_HIDPI_IMAGES = YES;
				DEVELOPMENT_TEAM = "";
				INFOPLIST_FILE = WisprLocal/Info.plist;
				LD_RUNPATH_SEARCH_PATHS = "$(inherited) @executable_path/../Frameworks";
				MACOSX_DEPLOYMENT_TARGET = 13.0;
				PRODUCT_BUNDLE_IDENTIFIER = com.jojo.wisprlocal;
				SDKROOT = macosx;
				SWIFT_VERSION = 6.0;
			};
			name = Release;
		};
/* End XCBuildConfiguration section */

/* Begin XCConfigurationList section */
		BB6B35A703002557B121D630 /* Build configuration list for PBXNativeTarget "WisprLocal" */ = {
			isa = XCConfigurationList;
			buildConfigurations = (
				B6B8B747C1EB7D4E1DA31A28 /* Release */,
				7F8F5960B9949F640DD34BD9 /* Debug */,
			);
			defaultConfigurationIsVisible = 0;
			defaultConfigurationName = Release;
		};
		C4C1B71EC20F77512426D9E3 /* Build configuration list for PBXProject "WisprLocal" */ = {
			isa = XCConfigurationList;
			buildConfigurations = (
				0C34EB2591E4085D6E9311AF /* Debug */,
				B6A11D91782B0C1B64FDAAA1 /* Release */,
			);
			defaultConfigurationIsVisible = 0;
			defaultConfigurationName = Release;
		};
/* End XCConfigurationList section */
	};
	rootObject = D29427C9B90C4FDE06678A84 /* Project object */;
}
